# This file is autogenerated, do not edit; changes may be undone by the next 'dep ensure'.


[[projects]]
  branch = "master"
  name = "github.com/BurntSushi/toml"
  packages = ["."]
  revision = "a368813c5e648fee92e5f6c30e3944ff9d5e8895"

[[projects]]
  branch = "master"
  name = "github.com/nu7hatch/gouuid"
  packages = ["."]
  revision = "179d4d0c4d8d407a32af483c2354df1d2c91e6c3"

[[projects]]
  branch = "release-branch.go1.9"
  name = "golang.org/x/net"
  packages = ["html","html/atom"]
  revision = "ab5485076ff3407ad2d02db054635913f017b0ed"

[solve-meta]
  analyzer-name = "dep"
  analyzer-version = 1
  inputs-digest = "c7dfd8a6300ec850b40e2ee750a1402bda5edf9e75d750a09976fd2d2040f7d0"
  solver-name = "gps-cdcl"
  solver-version = 1
